
Microsoft Visual Studio Solution File, Format Version 12.00
# Visual Studio Version 17
VisualStudioVersion = 17.0.31903.59
MinimumVisualStudioVersion = 10.0.40219.1
Project("{FAE04EC0-301F-11D3-BF4B-00C04F79EFBC}") = "IV_paskaita", "IV_paskaita\IV_paskaita.csproj", "{84D7A72B-6990-43F7-89C4-CCEBF5F47165}"
EndProject
Global
	GlobalSection(SolutionConfigurationPlatforms) = preSolution
		Debug|Any CPU = Debug|Any CPU
		Release|Any CPU = Release|Any CPU
	EndGlobalSection
	GlobalSection(ProjectConfigurationPlatforms) = postSolution
		{84D7A72B-6990-43F7-89C4-CCEBF5F47165}.Debug|Any CPU.ActiveCfg = Debug|Any CPU
		{84D7A72B-6990-43F7-89C4-CCEBF5F47165}.Debug|Any CPU.Build.0 = Debug|Any CPU
		{84D7A72B-6990-43F7-89C4-CCEBF5F47165}.Release|Any CPU.ActiveCfg = Release|Any CPU
		{84D7A72B-6990-43F7-89C4-CCEBF5F47165}.Release|Any CPU.Build.0 = Release|Any CPU
	EndGlobalSection
	GlobalSection(SolutionProperties) = preSolution
		HideSolutionNode = FALSE
	EndGlobalSection
	GlobalSection(ExtensibilityGlobals) = postSolution
		SolutionGuid = {50575CD6-3299-4B77-B1FF-E498EF2D76F2}
	EndGlobalSection
EndGlobal
