
Microsoft Visual Studio Solution File, Format Version 12.00
# Visual Studio Version 17
VisualStudioVersion = 17.0.31903.59
MinimumVisualStudioVersion = 10.0.40219.1
Project("{FAE04EC0-301F-11D3-BF4B-00C04F79EFBC}") = "VII_NamuDarbai", "VII_NamuDarbai\VII_NamuDarbai.csproj", "{8BB1672B-EB8D-4C10-8645-63C95E8E7D96}"
EndProject
Project("{FAE04EC0-301F-11D3-BF4B-00C04F79EFBC}") = "Test", "Test\Test.csproj", "{865922B1-C549-4096-9E19-2065DE37A3C7}"
EndProject
Global
	GlobalSection(SolutionConfigurationPlatforms) = preSolution
		Debug|Any CPU = Debug|Any CPU
		Release|Any CPU = Release|Any CPU
	EndGlobalSection
	GlobalSection(ProjectConfigurationPlatforms) = postSolution
		{8BB1672B-EB8D-4C10-8645-63C95E8E7D96}.Debug|Any CPU.ActiveCfg = Debug|Any CPU
		{8BB1672B-EB8D-4C10-8645-63C95E8E7D96}.Debug|Any CPU.Build.0 = Debug|Any CPU
		{8BB1672B-EB8D-4C10-8645-63C95E8E7D96}.Release|Any CPU.ActiveCfg = Release|Any CPU
		{8BB1672B-EB8D-4C10-8645-63C95E8E7D96}.Release|Any CPU.Build.0 = Release|Any CPU
		{865922B1-C549-4096-9E19-2065DE37A3C7}.Debug|Any CPU.ActiveCfg = Debug|Any CPU
		{865922B1-C549-4096-9E19-2065DE37A3C7}.Debug|Any CPU.Build.0 = Debug|Any CPU
		{865922B1-C549-4096-9E19-2065DE37A3C7}.Release|Any CPU.ActiveCfg = Release|Any CPU
		{865922B1-C549-4096-9E19-2065DE37A3C7}.Release|Any CPU.Build.0 = Release|Any CPU
	EndGlobalSection
	GlobalSection(SolutionProperties) = preSolution
		HideSolutionNode = FALSE
	EndGlobalSection
	GlobalSection(ExtensibilityGlobals) = postSolution
		SolutionGuid = {664C55D9-CF6D-4E72-AC5B-30AD8473A5F8}
	EndGlobalSection
EndGlobal
