
Microsoft Visual Studio Solution File, Format Version 12.00
# Visual Studio Version 17
VisualStudioVersion = 17.0.31903.59
MinimumVisualStudioVersion = 10.0.40219.1
Project("{FAE04EC0-301F-11D3-BF4B-00C04F79EFBC}") = "VI_paskaita_calc", "VI_paskaita_calc\VI_paskaita_calc.csproj", "{9BA5B633-F46B-4636-A3F8-6BD1B398F8E8}"
EndProject
Global
	GlobalSection(SolutionConfigurationPlatforms) = preSolution
		Debug|Any CPU = Debug|Any CPU
		Release|Any CPU = Release|Any CPU
	EndGlobalSection
	GlobalSection(ProjectConfigurationPlatforms) = postSolution
		{9BA5B633-F46B-4636-A3F8-6BD1B398F8E8}.Debug|Any CPU.ActiveCfg = Debug|Any CPU
		{9BA5B633-F46B-4636-A3F8-6BD1B398F8E8}.Debug|Any CPU.Build.0 = Debug|Any CPU
		{9BA5B633-F46B-4636-A3F8-6BD1B398F8E8}.Release|Any CPU.ActiveCfg = Release|Any CPU
		{9BA5B633-F46B-4636-A3F8-6BD1B398F8E8}.Release|Any CPU.Build.0 = Release|Any CPU
	EndGlobalSection
	GlobalSection(SolutionProperties) = preSolution
		HideSolutionNode = FALSE
	EndGlobalSection
	GlobalSection(ExtensibilityGlobals) = postSolution
		SolutionGuid = {C897B9CA-0522-47CF-ABFA-A4AB683B3ED5}
	EndGlobalSection
EndGlobal
