
Microsoft Visual Studio Solution File, Format Version 12.00
# Visual Studio Version 17
VisualStudioVersion = 17.0.31903.59
MinimumVisualStudioVersion = 10.0.40219.1
Project("{FAE04EC0-301F-11D3-BF4B-00C04F79EFBC}") = "blablabla", "blablabla\blablabla.csproj", "{7BB1DCF2-7545-4BC7-A2C1-00A1AE1BD80C}"
EndProject
Global
	GlobalSection(SolutionConfigurationPlatforms) = preSolution
		Debug|Any CPU = Debug|Any CPU
		Release|Any CPU = Release|Any CPU
	EndGlobalSection
	GlobalSection(ProjectConfigurationPlatforms) = postSolution
		{7BB1DCF2-7545-4BC7-A2C1-00A1AE1BD80C}.Debug|Any CPU.ActiveCfg = Debug|Any CPU
		{7BB1DCF2-7545-4BC7-A2C1-00A1AE1BD80C}.Debug|Any CPU.Build.0 = Debug|Any CPU
		{7BB1DCF2-7545-4BC7-A2C1-00A1AE1BD80C}.Release|Any CPU.ActiveCfg = Release|Any CPU
		{7BB1DCF2-7545-4BC7-A2C1-00A1AE1BD80C}.Release|Any CPU.Build.0 = Release|Any CPU
	EndGlobalSection
	GlobalSection(SolutionProperties) = preSolution
		HideSolutionNode = FALSE
	EndGlobalSection
	GlobalSection(ExtensibilityGlobals) = postSolution
		SolutionGuid = {49CE66FF-B411-4CB0-8BF6-160A97135F79}
	EndGlobalSection
EndGlobal
