
Microsoft Visual Studio Solution File, Format Version 12.00
# Visual Studio Version 17
VisualStudioVersion = 17.0.31903.59
MinimumVisualStudioVersion = 10.0.40219.1
Project("{FAE04EC0-301F-11D3-BF4B-00C04F79EFBC}") = "IV_paskaita_2", "IV_paskaita_2\IV_paskaita_2.csproj", "{924885F6-041B-4606-80D8-25DD530A273C}"
EndProject
Global
	GlobalSection(SolutionConfigurationPlatforms) = preSolution
		Debug|Any CPU = Debug|Any CPU
		Release|Any CPU = Release|Any CPU
	EndGlobalSection
	GlobalSection(ProjectConfigurationPlatforms) = postSolution
		{924885F6-041B-4606-80D8-25DD530A273C}.Debug|Any CPU.ActiveCfg = Debug|Any CPU
		{924885F6-041B-4606-80D8-25DD530A273C}.Debug|Any CPU.Build.0 = Debug|Any CPU
		{924885F6-041B-4606-80D8-25DD530A273C}.Release|Any CPU.ActiveCfg = Release|Any CPU
		{924885F6-041B-4606-80D8-25DD530A273C}.Release|Any CPU.Build.0 = Release|Any CPU
	EndGlobalSection
	GlobalSection(SolutionProperties) = preSolution
		HideSolutionNode = FALSE
	EndGlobalSection
	GlobalSection(ExtensibilityGlobals) = postSolution
		SolutionGuid = {EB101A84-16F4-4508-ADF5-4BA22147E3A9}
	EndGlobalSection
EndGlobal
