
Microsoft Visual Studio Solution File, Format Version 12.00
# Visual Studio Version 17
VisualStudioVersion = 17.0.31903.59
MinimumVisualStudioVersion = 10.0.40219.1
Project("{FAE04EC0-301F-11D3-BF4B-00C04F79EFBC}") = "XI_paskaita", "XI_paskaita\XI_paskaita.csproj", "{877B111C-50D0-4075-A082-774AF438BBD0}"
EndProject
Global
	GlobalSection(SolutionConfigurationPlatforms) = preSolution
		Debug|Any CPU = Debug|Any CPU
		Release|Any CPU = Release|Any CPU
	EndGlobalSection
	GlobalSection(ProjectConfigurationPlatforms) = postSolution
		{877B111C-50D0-4075-A082-774AF438BBD0}.Debug|Any CPU.ActiveCfg = Debug|Any CPU
		{877B111C-50D0-4075-A082-774AF438BBD0}.Debug|Any CPU.Build.0 = Debug|Any CPU
		{877B111C-50D0-4075-A082-774AF438BBD0}.Release|Any CPU.ActiveCfg = Release|Any CPU
		{877B111C-50D0-4075-A082-774AF438BBD0}.Release|Any CPU.Build.0 = Release|Any CPU
	EndGlobalSection
	GlobalSection(SolutionProperties) = preSolution
		HideSolutionNode = FALSE
	EndGlobalSection
	GlobalSection(ExtensibilityGlobals) = postSolution
		SolutionGuid = {BB27A05F-4C36-4FC7-8555-662F7427780B}
	EndGlobalSection
EndGlobal
