
Microsoft Visual Studio Solution File, Format Version 12.00
# Visual Studio Version 17
VisualStudioVersion = 17.0.31903.59
MinimumVisualStudioVersion = 10.0.40219.1
Project("{FAE04EC0-301F-11D3-BF4B-00C04F79EFBC}") = "8_paskaita", "8_paskaita\8_paskaita.csproj", "{58F4DE1F-20DB-45D5-A3A7-E00FA51ED8C3}"
EndProject
Project("{FAE04EC0-301F-11D3-BF4B-00C04F79EFBC}") = "netcore", "netcore\netcore.csproj", "{7292556E-7F82-4872-A1A4-74D3948F732F}"
EndProject
Global
	GlobalSection(SolutionConfigurationPlatforms) = preSolution
		Debug|Any CPU = Debug|Any CPU
		Release|Any CPU = Release|Any CPU
	EndGlobalSection
	GlobalSection(ProjectConfigurationPlatforms) = postSolution
		{58F4DE1F-20DB-45D5-A3A7-E00FA51ED8C3}.Debug|Any CPU.ActiveCfg = Debug|Any CPU
		{58F4DE1F-20DB-45D5-A3A7-E00FA51ED8C3}.Debug|Any CPU.Build.0 = Debug|Any CPU
		{58F4DE1F-20DB-45D5-A3A7-E00FA51ED8C3}.Release|Any CPU.ActiveCfg = Release|Any CPU
		{58F4DE1F-20DB-45D5-A3A7-E00FA51ED8C3}.Release|Any CPU.Build.0 = Release|Any CPU
		{7292556E-7F82-4872-A1A4-74D3948F732F}.Debug|Any CPU.ActiveCfg = Debug|Any CPU
		{7292556E-7F82-4872-A1A4-74D3948F732F}.Debug|Any CPU.Build.0 = Debug|Any CPU
		{7292556E-7F82-4872-A1A4-74D3948F732F}.Release|Any CPU.ActiveCfg = Release|Any CPU
		{7292556E-7F82-4872-A1A4-74D3948F732F}.Release|Any CPU.Build.0 = Release|Any CPU
	EndGlobalSection
	GlobalSection(SolutionProperties) = preSolution
		HideSolutionNode = FALSE
	EndGlobalSection
	GlobalSection(ExtensibilityGlobals) = postSolution
		SolutionGuid = {148274DF-6759-4B6F-9CE8-665A4FADAFEE}
	EndGlobalSection
EndGlobal
